
Microsoft Visual Studio Solution File, Format Version 12.00
# Visual Studio Version 17
VisualStudioVersion = 17.8.34309.116
MinimumVisualStudioVersion = 10.0.40219.1
Project("{FAE04EC0-301F-11D3-BF4B-00C04F79EFBC}") = "SRPAbstract", "SRPAbstract\SRPAbstract.csproj", "{32BEB16C-B6F7-45E7-9759-01858530F77D}"
EndProject
Global
	GlobalSection(SolutionConfigurationPlatforms) = preSolution
		Debug|Any CPU = Debug|Any CPU
		Release|Any CPU = Release|Any CPU
	EndGlobalSection
	GlobalSection(ProjectConfigurationPlatforms) = postSolution
		{32BEB16C-B6F7-45E7-9759-01858530F77D}.Debug|Any CPU.ActiveCfg = Debug|Any CPU
		{32BEB16C-B6F7-45E7-9759-01858530F77D}.Debug|Any CPU.Build.0 = Debug|Any CPU
		{32BEB16C-B6F7-45E7-9759-01858530F77D}.Release|Any CPU.ActiveCfg = Release|Any CPU
		{32BEB16C-B6F7-45E7-9759-01858530F77D}.Release|Any CPU.Build.0 = Release|Any CPU
	EndGlobalSection
	GlobalSection(SolutionProperties) = preSolution
		HideSolutionNode = FALSE
	EndGlobalSection
	GlobalSection(ExtensibilityGlobals) = postSolution
		SolutionGuid = {312FEDBB-27DA-467F-ADFE-32DA57EB220B}
	EndGlobalSection
EndGlobal
